
Microsoft Visual Studio Solution File, Format Version 12.00
# Visual Studio Version 17
VisualStudioVersion = 17.9.34902.65
MinimumVisualStudioVersion = 10.0.40219.1
Project("{FAE04EC0-301F-11D3-BF4B-00C04F79EFBC}") = "Fruitables", "Fruitables\Fruitables.csproj", "{AA267E57-04B4-4042-9279-B5A0C12B6CAF}"
EndProject
Global
	GlobalSection(SolutionConfigurationPlatforms) = preSolution
		Debug|Any CPU = Debug|Any CPU
		Release|Any CPU = Release|Any CPU
	EndGlobalSection
	GlobalSection(ProjectConfigurationPlatforms) = postSolution
		{AA267E57-04B4-4042-9279-B5A0C12B6CAF}.Debug|Any CPU.ActiveCfg = Debug|Any CPU
		{AA267E57-04B4-4042-9279-B5A0C12B6CAF}.Debug|Any CPU.Build.0 = Debug|Any CPU
		{AA267E57-04B4-4042-9279-B5A0C12B6CAF}.Release|Any CPU.ActiveCfg = Release|Any CPU
		{AA267E57-04B4-4042-9279-B5A0C12B6CAF}.Release|Any CPU.Build.0 = Release|Any CPU
	EndGlobalSection
	GlobalSection(SolutionProperties) = preSolution
		HideSolutionNode = FALSE
	EndGlobalSection
	GlobalSection(ExtensibilityGlobals) = postSolution
		SolutionGuid = {2FE090A0-D0E5-4942-8019-D8B60558680B}
	EndGlobalSection
EndGlobal
